// !$*UTF8*$!
{
	archiveVersion = 1;
	classes = {
	};
	objectVersion = 51;
	objects = {

/* Begin PBXBuildFile section */
		0073B1F3249E292D00AA8B1E /* Cache.swift in Sources */ = {isa = PBXBuildFile; fileRef = 0073B1F2249E292D00AA8B1E /* Cache.swift */; };
		007BAF1024A23A5A000DF176 /* View2.swift in Sources */ = {isa = PBXBuildFile; fileRef = 007BAF0F24A23A5A000DF176 /* View2.swift */; };
		008D97A6249D0A6500DFC398 /* PushNotificationSender.swift in Sources */ = {isa = PBXBuildFile; fileRef = 008D97A5249D0A6500DFC398 /* PushNotificationSender.swift */; };
		00C8BE7F249CD60300D5B0C3 /* AppDelegate.swift in Sources */ = {isa = PBXBuildFile; fileRef = 00C8BE7E249CD60300D5B0C3 /* AppDelegate.swift */; };
		00C8BE81249CD60300D5B0C3 /* SceneDelegate.swift in Sources */ = {isa = PBXBuildFile; fileRef = 00C8BE80249CD60300D5B0C3 /* SceneDelegate.swift */; };
		00C8BE83249CD60300D5B0C3 /* ViewController.swift in Sources */ = {isa = PBXBuildFile; fileRef = 00C8BE82249CD60300D5B0C3 /* ViewController.swift */; };
		00C8BE86249CD60300D5B0C3 /* Main.storyboard in Resources */ = {isa = PBXBuildFile; fileRef = 00C8BE84249CD60300D5B0C3 /* Main.storyboard */; };
		00C8BE89249CD60300D5B0C3 /* KonyaSanalMarket.xcdatamodeld in Sources */ = {isa = PBXBuildFile; fileRef = 00C8BE87249CD60300D5B0C3 /* KonyaSanalMarket.xcdatamodeld */; };
		00C8BE8B249CD60900D5B0C3 /* Assets.xcassets in Resources */ = {isa = PBXBuildFile; fileRef = 00C8BE8A249CD60900D5B0C3 /* Assets.xcassets */; };
		00C8BE8E249CD60900D5B0C3 /* LaunchScreen.storyboard in Resources */ = {isa = PBXBuildFile; fileRef = 00C8BE8C249CD60900D5B0C3 /* LaunchScreen.storyboard */; };
		00C8BE97249CD77200D5B0C3 /* WebKit.framework in Frameworks */ = {isa = PBXBuildFile; fileRef = 00C8BE96249CD77200D5B0C3 /* WebKit.framework */; };
		00C8BE9B249CD7E300D5B0C3 /* SplashView.swift in Sources */ = {isa = PBXBuildFile; fileRef = 00C8BE9A249CD7E200D5B0C3 /* SplashView.swift */; };
		00C8BE9D249CD87400D5B0C3 /* Extension+Constraints.swift in Sources */ = {isa = PBXBuildFile; fileRef = 00C8BE9C249CD87400D5B0C3 /* Extension+Constraints.swift */; };
		00C8BE9F249CDAF700D5B0C3 /* CheckInternet.swift in Sources */ = {isa = PBXBuildFile; fileRef = 00C8BE9E249CDAF700D5B0C3 /* CheckInternet.swift */; };
		00C8BEA1249CE11A00D5B0C3 /* GoogleService-Info.plist in Resources */ = {isa = PBXBuildFile; fileRef = 00C8BEA0249CE11900D5B0C3 /* GoogleService-Info.plist */; };
		00C8BEA3249CEAF900D5B0C3 /* KonyaSanalMarket.xcworkspace in Resources */ = {isa = PBXBuildFile; fileRef = 00C8BEA2249CEAF900D5B0C3 /* KonyaSanalMarket.xcworkspace */; };
		540AF0255CA33E6C02EE8187 /* Pods_KonyaSanalMarket.framework in Frameworks */ = {isa = PBXBuildFile; fileRef = C249A0ACE2CB02A76580CCE2 /* Pods_KonyaSanalMarket.framework */; };
/* End PBXBuildFile section */

/* Begin PBXFileReference section */
		0073B1F2249E292D00AA8B1E /* Cache.swift */ = {isa = PBXFileReference; lastKnownFileType = sourcecode.swift; path = Cache.swift; sourceTree = "<group>"; };
		007BAF0F24A23A5A000DF176 /* View2.swift */ = {isa = PBXFileReference; lastKnownFileType = sourcecode.swift; path = View2.swift; sourceTree = "<group>"; };
		008D97A5249D0A6500DFC398 /* PushNotificationSender.swift */ = {isa = PBXFileReference; fileEncoding = 4; lastKnownFileType = sourcecode.swift; path = PushNotificationSender.swift; sourceTree = "<group>"; };
		00C8BE7B249CD60300D5B0C3 /* Konya Sanal Market.app */ = {isa = PBXFileReference; explicitFileType = wrapper.application; includeInIndex = 0; path = "Konya Sanal Market.app"; sourceTree = BUILT_PRODUCTS_DIR; };
		00C8BE7E249CD60300D5B0C3 /* AppDelegate.swift */ = {isa = PBXFileReference; lastKnownFileType = sourcecode.swift; path = AppDelegate.swift; sourceTree = "<group>"; };
		00C8BE80249CD60300D5B0C3 /* SceneDelegate.swift */ = {isa = PBXFileReference; lastKnownFileType = sourcecode.swift; path = SceneDelegate.swift; sourceTree = "<group>"; };
		00C8BE82249CD60300D5B0C3 /* ViewController.swift */ = {isa = PBXFileReference; lastKnownFileType = sourcecode.swift; path = ViewController.swift; sourceTree = "<group>"; };
		00C8BE85249CD60300D5B0C3 /* Base */ = {isa = PBXFileReference; lastKnownFileType = file.storyboard; name = Base; path = Base.lproj/Main.storyboard; sourceTree = "<group>"; };
		00C8BE88249CD60300D5B0C3 /* KonyaSanalMarket.xcdatamodel */ = {isa = PBXFileReference; lastKnownFileType = wrapper.xcdatamodel; path = KonyaSanalMarket.xcdatamodel; sourceTree = "<group>"; };
		00C8BE8A249CD60900D5B0C3 /* Assets.xcassets */ = {isa = PBXFileReference; lastKnownFileType = folder.assetcatalog; path = Assets.xcassets; sourceTree = "<group>"; };
		00C8BE8D249CD60900D5B0C3 /* Base */ = {isa = PBXFileReference; lastKnownFileType = file.storyboard; name = Base; path = Base.lproj/LaunchScreen.storyboard; sourceTree = "<group>"; };
		00C8BE8F249CD60900D5B0C3 /* Info.plist */ = {isa = PBXFileReference; lastKnownFileType = text.plist.xml; path = Info.plist; sourceTree = "<group>"; };
		00C8BE96249CD77200D5B0C3 /* WebKit.framework */ = {isa = PBXFileReference; lastKnownFileType = wrapper.framework; name = WebKit.framework; path = System/Library/Frameworks/WebKit.framework; sourceTree = SDKROOT; };
		00C8BE9A249CD7E200D5B0C3 /* SplashView.swift */ = {isa = PBXFileReference; lastKnownFileType = sourcecode.swift; path = SplashView.swift; sourceTree = "<group>"; };
		00C8BE9C249CD87400D5B0C3 /* Extension+Constraints.swift */ = {isa = PBXFileReference; lastKnownFileType = sourcecode.swift; path = "Extension+Constraints.swift"; sourceTree = "<group>"; };
		00C8BE9E249CDAF700D5B0C3 /* CheckInternet.swift */ = {isa = PBXFileReference; lastKnownFileType = sourcecode.swift; path = CheckInternet.swift; sourceTree = "<group>"; };
		00C8BEA0249CE11900D5B0C3 /* GoogleService-Info.plist */ = {isa = PBXFileReference; lastKnownFileType = text.plist; path = "GoogleService-Info.plist"; sourceTree = SOURCE_ROOT; };
		00C8BEA2249CEAF900D5B0C3 /* KonyaSanalMarket.xcworkspace */ = {isa = PBXFileReference; lastKnownFileType = wrapper.workspace; path = KonyaSanalMarket.xcworkspace; sourceTree = SOURCE_ROOT; };
		00C8BEA4249CEFA600D5B0C3 /* KonyaSanalMarket.entitlements */ = {isa = PBXFileReference; lastKnownFileType = text.plist.entitlements; path = KonyaSanalMarket.entitlements; sourceTree = "<group>"; };
		C249A0ACE2CB02A76580CCE2 /* Pods_KonyaSanalMarket.framework */ = {isa = PBXFileReference; explicitFileType = wrapper.framework; includeInIndex = 0; path = Pods_KonyaSanalMarket.framework; sourceTree = BUILT_PRODUCTS_DIR; };
		CF930A47A3E8EDC6523DEB2C /* Pods-KonyaSanalMarket.debug.xcconfig */ = {isa = PBXFileReference; includeInIndex = 1; lastKnownFileType = text.xcconfig; name = "Pods-KonyaSanalMarket.debug.xcconfig"; path = "Target Support Files/Pods-KonyaSanalMarket/Pods-KonyaSanalMarket.debug.xcconfig"; sourceTree = "<group>"; };
		D08AB7D4647CC314E19580BA /* Pods-KonyaSanalMarket.release.xcconfig */ = {isa = PBXFileReference; includeInIndex = 1; lastKnownFileType = text.xcconfig; name = "Pods-KonyaSanalMarket.release.xcconfig"; path = "Target Support Files/Pods-KonyaSanalMarket/Pods-KonyaSanalMarket.release.xcconfig"; sourceTree = "<group>"; };
/* End PBXFileReference section */

/* Begin PBXFrameworksBuildPhase section */
		00C8BE78249CD60300D5B0C3 /* Frameworks */ = {
			isa = PBXFrameworksBuildPhase;
			buildActionMask = 2147483647;
			files = (
				00C8BE97249CD77200D5B0C3 /* WebKit.framework in Frameworks */,
				540AF0255CA33E6C02EE8187 /* Pods_KonyaSanalMarket.framework in Frameworks */,
			);
			runOnlyForDeploymentPostprocessing = 0;
		};
/* End PBXFrameworksBuildPhase section */

/* Begin PBXGroup section */
		00C8BE72249CD60300D5B0C3 = {
			isa = PBXGroup;
			children = (
				00C8BE7D249CD60300D5B0C3 /* KonyaSanalMarket */,
				00C8BE7C249CD60300D5B0C3 /* Products */,
				00C8BE95249CD77100D5B0C3 /* Frameworks */,
				47E4724DB6BCA295D276662E /* Pods */,
			);
			sourceTree = "<group>";
		};
		00C8BE7C249CD60300D5B0C3 /* Products */ = {
			isa = PBXGroup;
			children = (
				00C8BE7B249CD60300D5B0C3 /* Konya Sanal Market.app */,
			);
			name = Products;
			sourceTree = "<group>";
		};
		00C8BE7D249CD60300D5B0C3 /* KonyaSanalMarket */ = {
			isa = PBXGroup;
			children = (
				00C8BEA4249CEFA600D5B0C3 /* KonyaSanalMarket.entitlements */,
				00C8BE7E249CD60300D5B0C3 /* AppDelegate.swift */,
				00C8BE80249CD60300D5B0C3 /* SceneDelegate.swift */,
				008D97A5249D0A6500DFC398 /* PushNotificationSender.swift */,
				00C8BE9A249CD7E200D5B0C3 /* SplashView.swift */,
				00C8BE82249CD60300D5B0C3 /* ViewController.swift */,
				007BAF0F24A23A5A000DF176 /* View2.swift */,
				0073B1F2249E292D00AA8B1E /* Cache.swift */,
				00C8BE9C249CD87400D5B0C3 /* Extension+Constraints.swift */,
				00C8BE9E249CDAF700D5B0C3 /* CheckInternet.swift */,
				00C8BE84249CD60300D5B0C3 /* Main.storyboard */,
				00C8BE8A249CD60900D5B0C3 /* Assets.xcassets */,
				00C8BE8C249CD60900D5B0C3 /* LaunchScreen.storyboard */,
				00C8BE8F249CD60900D5B0C3 /* Info.plist */,
				00C8BEA0249CE11900D5B0C3 /* GoogleService-Info.plist */,
				00C8BE87249CD60300D5B0C3 /* KonyaSanalMarket.xcdatamodeld */,
				00C8BEA2249CEAF900D5B0C3 /* KonyaSanalMarket.xcworkspace */,
			);
			path = KonyaSanalMarket;
			sourceTree = "<group>";
		};
		00C8BE95249CD77100D5B0C3 /* Frameworks */ = {
			isa = PBXGroup;
			children = (
				00C8BE96249CD77200D5B0C3 /* WebKit.framework */,
				C249A0ACE2CB02A76580CCE2 /* Pods_KonyaSanalMarket.framework */,
			);
			name = Frameworks;
			sourceTree = "<group>";
		};
		47E4724DB6BCA295D276662E /* Pods */ = {
			isa = PBXGroup;
			children = (
				CF930A47A3E8EDC6523DEB2C /* Pods-KonyaSanalMarket.debug.xcconfig */,
				D08AB7D4647CC314E19580BA /* Pods-KonyaSanalMarket.release.xcconfig */,
			);
			path = Pods;
			sourceTree = "<group>";
		};
/* End PBXGroup section */

/* Begin PBXNativeTarget section */
		00C8BE7A249CD60300D5B0C3 /* Konya Sanal Market */ = {
			isa = PBXNativeTarget;
			buildConfigurationList = 00C8BE92249CD60900D5B0C3 /* Build configuration list for PBXNativeTarget "Konya Sanal Market" */;
			buildPhases = (
				6010873C19DC78186318C786 /* [CP] Check Pods Manifest.lock */,
				00C8BE77249CD60300D5B0C3 /* Sources */,
				00C8BE78249CD60300D5B0C3 /* Frameworks */,
				00C8BE79249CD60300D5B0C3 /* Resources */,
				7CC918D91758793EEFEEBD5D /* [CP] Embed Pods Frameworks */,
			);
			buildRules = (
			);
			dependencies = (
			);
			name = "Konya Sanal Market";
			productName = KonyaSanalMarket;
			productReference = 00C8BE7B249CD60300D5B0C3 /* Konya Sanal Market.app */;
			productType = "com.apple.product-type.application";
		};
/* End PBXNativeTarget section */

/* Begin PBXProject section */
		00C8BE73249CD60300D5B0C3 /* Project object */ = {
			isa = PBXProject;
			attributes = {
				LastSwiftUpdateCheck = 1150;
				LastUpgradeCheck = 1150;
				ORGANIZATIONNAME = "İlyas Abiyev";
				TargetAttributes = {
					00C8BE7A249CD60300D5B0C3 = {
						CreatedOnToolsVersion = 11.5;
					};
				};
			};
			buildConfigurationList = 00C8BE76249CD60300D5B0C3 /* Build configuration list for PBXProject "KonyaSanalMarket" */;
			compatibilityVersion = "Xcode 10.0";
			developmentRegion = en;
			hasScannedForEncodings = 0;
			knownRegions = (
				en,
				Base,
			);
			mainGroup = 00C8BE72249CD60300D5B0C3;
			productRefGroup = 00C8BE7C249CD60300D5B0C3 /* Products */;
			projectDirPath = "";
			projectRoot = "";
			targets = (
				00C8BE7A249CD60300D5B0C3 /* Konya Sanal Market */,
			);
		};
/* End PBXProject section */

/* Begin PBXResourcesBuildPhase section */
		00C8BE79249CD60300D5B0C3 /* Resources */ = {
			isa = PBXResourcesBuildPhase;
			buildActionMask = 2147483647;
			files = (
				00C8BE8E249CD60900D5B0C3 /* LaunchScreen.storyboard in Resources */,
				00C8BEA1249CE11A00D5B0C3 /* GoogleService-Info.plist in Resources */,
				00C8BEA3249CEAF900D5B0C3 /* KonyaSanalMarket.xcworkspace in Resources */,
				00C8BE8B249CD60900D5B0C3 /* Assets.xcassets in Resources */,
				00C8BE86249CD60300D5B0C3 /* Main.storyboard in Resources */,
			);
			runOnlyForDeploymentPostprocessing = 0;
		};
/* End PBXResourcesBuildPhase section */

/* Begin PBXShellScriptBuildPhase section */
		6010873C19DC78186318C786 /* [CP] Check Pods Manifest.lock */ = {
			isa = PBXShellScriptBuildPhase;
			buildActionMask = 2147483647;
			files = (
			);
			inputFileListPaths = (
			);
			inputPaths = (
				"${PODS_PODFILE_DIR_PATH}/Podfile.lock",
				"${PODS_ROOT}/Manifest.lock",
			);
			name = "[CP] Check Pods Manifest.lock";
			outputFileListPaths = (
			);
			outputPaths = (
				"$(DERIVED_FILE_DIR)/Pods-KonyaSanalMarket-checkManifestLockResult.txt",
			);
			runOnlyForDeploymentPostprocessing = 0;
			shellPath = /bin/sh;
			shellScript = "diff \"${PODS_PODFILE_DIR_PATH}/Podfile.lock\" \"${PODS_ROOT}/Manifest.lock\" > /dev/null\nif [ $? != 0 ] ; then\n    # print error to STDERR\n    echo \"error: The sandbox is not in sync with the Podfile.lock. Run 'pod install' or update your CocoaPods installation.\" >&2\n    exit 1\nfi\n# This output is used by Xcode 'outputs' to avoid re-running this script phase.\necho \"SUCCESS\" > \"${SCRIPT_OUTPUT_FILE_0}\"\n";
			showEnvVarsInLog = 0;
		};
		7CC918D91758793EEFEEBD5D /* [CP] Embed Pods Frameworks */ = {
			isa = PBXShellScriptBuildPhase;
			buildActionMask = 2147483647;
			files = (
			);
			inputFileListPaths = (
				"${PODS_ROOT}/Target Support Files/Pods-KonyaSanalMarket/Pods-KonyaSanalMarket-frameworks-${CONFIGURATION}-input-files.xcfilelist",
			);
			name = "[CP] Embed Pods Frameworks";
			outputFileListPaths = (
				"${PODS_ROOT}/Target Support Files/Pods-KonyaSanalMarket/Pods-KonyaSanalMarket-frameworks-${CONFIGURATION}-output-files.xcfilelist",
			);
			runOnlyForDeploymentPostprocessing = 0;
			shellPath = /bin/sh;
			shellScript = "\"${PODS_ROOT}/Target Support Files/Pods-KonyaSanalMarket/Pods-KonyaSanalMarket-frameworks.sh\"\n";
			showEnvVarsInLog = 0;
		};
/* End PBXShellScriptBuildPhase section */

/* Begin PBXSourcesBuildPhase section */
		00C8BE77249CD60300D5B0C3 /* Sources */ = {
			isa = PBXSourcesBuildPhase;
			buildActionMask = 2147483647;
			files = (
				00C8BE9F249CDAF700D5B0C3 /* CheckInternet.swift in Sources */,
				00C8BE83249CD60300D5B0C3 /* ViewController.swift in Sources */,
				00C8BE7F249CD60300D5B0C3 /* AppDelegate.swift in Sources */,
				00C8BE9D249CD87400D5B0C3 /* Extension+Constraints.swift in Sources */,
				00C8BE9B249CD7E300D5B0C3 /* SplashView.swift in Sources */,
				007BAF1024A23A5A000DF176 /* View2.swift in Sources */,
				0073B1F3249E292D00AA8B1E /* Cache.swift in Sources */,
				00C8BE89249CD60300D5B0C3 /* KonyaSanalMarket.xcdatamodeld in Sources */,
				00C8BE81249CD60300D5B0C3 /* SceneDelegate.swift in Sources */,
				008D97A6249D0A6500DFC398 /* PushNotificationSender.swift in Sources */,
			);
			runOnlyForDeploymentPostprocessing = 0;
		};
/* End PBXSourcesBuildPhase section */

/* Begin PBXVariantGroup section */
		00C8BE84249CD60300D5B0C3 /* Main.storyboard */ = {
			isa = PBXVariantGroup;
			children = (
				00C8BE85249CD60300D5B0C3 /* Base */,
			);
			name = Main.storyboard;
			sourceTree = "<group>";
		};
		00C8BE8C249CD60900D5B0C3 /* LaunchScreen.storyboard */ = {
			isa = PBXVariantGroup;
			children = (
				00C8BE8D249CD60900D5B0C3 /* Base */,
			);
			name = LaunchScreen.storyboard;
			sourceTree = "<group>";
		};
/* End PBXVariantGroup section */

/* Begin XCBuildConfiguration section */
		00C8BE90249CD60900D5B0C3 /* Debug */ = {
			isa = XCBuildConfiguration;
			buildSettings = {
				ALWAYS_SEARCH_USER_PATHS = NO;
				CLANG_ANALYZER_NONNULL = YES;
				CLANG_ANALYZER_NUMBER_OBJECT_CONVERSION = YES_AGGRESSIVE;
				CLANG_CXX_LANGUAGE_STANDARD = "gnu++14";
				CLANG_CXX_LIBRARY = "libc++";
				CLANG_ENABLE_MODULES = YES;
				CLANG_ENABLE_OBJC_ARC = YES;
				CLANG_ENABLE_OBJC_WEAK = YES;
				CLANG_WARN_BLOCK_CAPTURE_AUTORELEASING = YES;
				CLANG_WARN_BOOL_CONVERSION = YES;
				CLANG_WARN_COMMA = YES;
				CLANG_WARN_CONSTANT_CONVERSION = YES;
				CLANG_WARN_DEPRECATED_OBJC_IMPLEMENTATIONS = YES;
				CLANG_WARN_DIRECT_OBJC_ISA_USAGE = YES_ERROR;
				CLANG_WARN_DOCUMENTATION_COMMENTS = YES;
				CLANG_WARN_EMPTY_BODY = YES;
				CLANG_WARN_ENUM_CONVERSION = YES;
				CLANG_WARN_INFINITE_RECURSION = YES;
				CLANG_WARN_INT_CONVERSION = YES;
				CLANG_WARN_NON_LITERAL_NULL_CONVERSION = YES;
				CLANG_WARN_OBJC_IMPLICIT_RETAIN_SELF = YES;
				CLANG_WARN_OBJC_LITERAL_CONVERSION = YES;
				CLANG_WARN_OBJC_ROOT_CLASS = YES_ERROR;
				CLANG_WARN_RANGE_LOOP_ANALYSIS = YES;
				CLANG_WARN_STRICT_PROTOTYPES = YES;
				CLANG_WARN_SUSPICIOUS_MOVE = YES;
				CLANG_WARN_UNGUARDED_AVAILABILITY = YES_AGGRESSIVE;
				CLANG_WARN_UNREACHABLE_CODE = YES;
				CLANG_WARN__DUPLICATE_METHOD_MATCH = YES;
				COPY_PHASE_STRIP = NO;
				DEBUG_INFORMATION_FORMAT = dwarf;
				ENABLE_STRICT_OBJC_MSGSEND = YES;
				ENABLE_TESTABILITY = YES;
				GCC_C_LANGUAGE_STANDARD = gnu11;
				GCC_DYNAMIC_NO_PIC = NO;
				GCC_NO_COMMON_BLOCKS = YES;
				GCC_OPTIMIZATION_LEVEL = 0;
				GCC_PREPROCESSOR_DEFINITIONS = (
					"DEBUG=1",
					"$(inherited)",
				);
				GCC_WARN_64_TO_32_BIT_CONVERSION = YES;
				GCC_WARN_ABOUT_RETURN_TYPE = YES_ERROR;
				GCC_WARN_UNDECLARED_SELECTOR = YES;
				GCC_WARN_UNINITIALIZED_AUTOS = YES_AGGRESSIVE;
				GCC_WARN_UNUSED_FUNCTION = YES;
				GCC_WARN_UNUSED_VARIABLE = YES;
				IPHONEOS_DEPLOYMENT_TARGET = 13.5;
				MTL_ENABLE_DEBUG_INFO = INCLUDE_SOURCE;
				MTL_FAST_MATH = YES;
				ONLY_ACTIVE_ARCH = YES;
				SDKROOT = iphoneos;
				SWIFT_ACTIVE_COMPILATION_CONDITIONS = DEBUG;
				SWIFT_OPTIMIZATION_LEVEL = "-Onone";
			};
			name = Debug;
		};
		00C8BE91249CD60900D5B0C3 /* Release */ = {
			isa = XCBuildConfiguration;
			buildSettings = {
				ALWAYS_SEARCH_USER_PATHS = NO;
				CLANG_ANALYZER_NONNULL = YES;
				CLANG_ANALYZER_NUMBER_OBJECT_CONVERSION = YES_AGGRESSIVE;
				CLANG_CXX_LANGUAGE_STANDARD = "gnu++14";
				CLANG_CXX_LIBRARY = "libc++";
				CLANG_ENABLE_MODULES = YES;
				CLANG_ENABLE_OBJC_ARC = YES;
				CLANG_ENABLE_OBJC_WEAK = YES;
				CLANG_WARN_BLOCK_CAPTURE_AUTORELEASING = YES;
				CLANG_WARN_BOOL_CONVERSION = YES;
				CLANG_WARN_COMMA = YES;
				CLANG_WARN_CONSTANT_CONVERSION = YES;
				CLANG_WARN_DEPRECATED_OBJC_IMPLEMENTATIONS = YES;
				CLANG_WARN_DIRECT_OBJC_ISA_USAGE = YES_ERROR;
				CLANG_WARN_DOCUMENTATION_COMMENTS = YES;
				CLANG_WARN_EMPTY_BODY = YES;
				CLANG_WARN_ENUM_CONVERSION = YES;
				CLANG_WARN_INFINITE_RECURSION = YES;
				CLANG_WARN_INT_CONVERSION = YES;
				CLANG_WARN_NON_LITERAL_NULL_CONVERSION = YES;
				CLANG_WARN_OBJC_IMPLICIT_RETAIN_SELF = YES;
				CLANG_WARN_OBJC_LITERAL_CONVERSION = YES;
				CLANG_WARN_OBJC_ROOT_CLASS = YES_ERROR;
				CLANG_WARN_RANGE_LOOP_ANALYSIS = YES;
				CLANG_WARN_STRICT_PROTOTYPES = YES;
				CLANG_WARN_SUSPICIOUS_MOVE = YES;
				CLANG_WARN_UNGUARDED_AVAILABILITY = YES_AGGRESSIVE;
				CLANG_WARN_UNREACHABLE_CODE = YES;
				CLANG_WARN__DUPLICATE_METHOD_MATCH = YES;
				COPY_PHASE_STRIP = NO;
				DEBUG_INFORMATION_FORMAT = "dwarf-with-dsym";
				ENABLE_NS_ASSERTIONS = NO;
				ENABLE_STRICT_OBJC_MSGSEND = YES;
				GCC_C_LANGUAGE_STANDARD = gnu11;
				GCC_NO_COMMON_BLOCKS = YES;
				GCC_WARN_64_TO_32_BIT_CONVERSION = YES;
				GCC_WARN_ABOUT_RETURN_TYPE = YES_ERROR;
				GCC_WARN_UNDECLARED_SELECTOR = YES;
				GCC_WARN_UNINITIALIZED_AUTOS = YES_AGGRESSIVE;
				GCC_WARN_UNUSED_FUNCTION = YES;
				GCC_WARN_UNUSED_VARIABLE = YES;
				IPHONEOS_DEPLOYMENT_TARGET = 13.5;
				MTL_ENABLE_DEBUG_INFO = NO;
				MTL_FAST_MATH = YES;
				SDKROOT = iphoneos;
				SWIFT_COMPILATION_MODE = wholemodule;
				SWIFT_OPTIMIZATION_LEVEL = "-O";
				VALIDATE_PRODUCT = YES;
			};
			name = Release;
		};
		00C8BE93249CD60900D5B0C3 /* Debug */ = {
			isa = XCBuildConfiguration;
			baseConfigurationReference = CF930A47A3E8EDC6523DEB2C /* Pods-KonyaSanalMarket.debug.xcconfig */;
			buildSettings = {
				ASSETCATALOG_COMPILER_APPICON_NAME = AppIcon;
				CODE_SIGN_ENTITLEMENTS = KonyaSanalMarket/KonyaSanalMarket.entitlements;
				CODE_SIGN_STYLE = Automatic;
				CURRENT_PROJECT_VERSION = 2;
				DEVELOPMENT_TEAM = NKR82GFQ5B;
				INFOPLIST_FILE = KonyaSanalMarket/Info.plist;
				IPHONEOS_DEPLOYMENT_TARGET = 11.0;
				LD_RUNPATH_SEARCH_PATHS = (
					"$(inherited)",
					"@executable_path/Frameworks",
				);
				MARKETING_VERSION = 1.0.1;
				PRODUCT_BUNDLE_IDENTIFIER = com.ilyas666.KonyaSanalMarket666;
				PRODUCT_NAME = "$(TARGET_NAME)";
				SWIFT_VERSION = 5.0;
				TARGETED_DEVICE_FAMILY = "1,2";
			};
			name = Debug;
		};
		00C8BE94249CD60900D5B0C3 /* Release */ = {
			isa = XCBuildConfiguration;
			baseConfigurationReference = D08AB7D4647CC314E19580BA /* Pods-KonyaSanalMarket.release.xcconfig */;
			buildSettings = {
				ASSETCATALOG_COMPILER_APPICON_NAME = AppIcon;
				CODE_SIGN_ENTITLEMENTS = KonyaSanalMarket/KonyaSanalMarket.entitlements;
				CODE_SIGN_STYLE = Automatic;
				CURRENT_PROJECT_VERSION = 2;
				DEVELOPMENT_TEAM = NKR82GFQ5B;
				INFOPLIST_FILE = KonyaSanalMarket/Info.plist;
				IPHONEOS_DEPLOYMENT_TARGET = 11.0;
				LD_RUNPATH_SEARCH_PATHS = (
					"$(inherited)",
					"@executable_path/Frameworks",
				);
				MARKETING_VERSION = 1.0.1;
				PRODUCT_BUNDLE_IDENTIFIER = com.ilyas666.KonyaSanalMarket666;
				PRODUCT_NAME = "$(TARGET_NAME)";
				SWIFT_VERSION = 5.0;
				TARGETED_DEVICE_FAMILY = "1,2";
			};
			name = Release;
		};
/* End XCBuildConfiguration section */

/* Begin XCConfigurationList section */
		00C8BE76249CD60300D5B0C3 /* Build configuration list for PBXProject "KonyaSanalMarket" */ = {
			isa = XCConfigurationList;
			buildConfigurations = (
				00C8BE90249CD60900D5B0C3 /* Debug */,
				00C8BE91249CD60900D5B0C3 /* Release */,
			);
			defaultConfigurationIsVisible = 0;
			defaultConfigurationName = Release;
		};
		00C8BE92249CD60900D5B0C3 /* Build configuration list for PBXNativeTarget "Konya Sanal Market" */ = {
			isa = XCConfigurationList;
			buildConfigurations = (
				00C8BE93249CD60900D5B0C3 /* Debug */,
				00C8BE94249CD60900D5B0C3 /* Release */,
			);
			defaultConfigurationIsVisible = 0;
			defaultConfigurationName = Release;
		};
/* End XCConfigurationList section */

/* Begin XCVersionGroup section */
		00C8BE87249CD60300D5B0C3 /* KonyaSanalMarket.xcdatamodeld */ = {
			isa = XCVersionGroup;
			children = (
				00C8BE88249CD60300D5B0C3 /* KonyaSanalMarket.xcdatamodel */,
			);
			currentVersion = 00C8BE88249CD60300D5B0C3 /* KonyaSanalMarket.xcdatamodel */;
			path = KonyaSanalMarket.xcdatamodeld;
			sourceTree = "<group>";
			versionGroupType = wrapper.xcdatamodel;
		};
/* End XCVersionGroup section */
	};
	rootObject = 00C8BE73249CD60300D5B0C3 /* Project object */;
}
